# This file is generated by running "yarn install" inside your project.
# Manual changes might be lost - proceed with caution!

__metadata:
  version: 8
  cacheKey: 10c0

"@types/node@npm:*":
  version: 20.8.6
  resolution: "@types/node@npm:20.8.6"
  dependencies:
    undici-types: "npm:~5.25.1"
  checksum: d0a2bef7e041553540291091d171b6aa7e5e647e4c2d5092e71d5d69bfb272625cd023d5208b91955a78780dac6fdea591962576cfd7a7a94fabbc707fadf7a1
  languageName: node
  linkType: hard

"@types/node@npm:^20.8.3":
  version: 20.8.3
  resolution: "@types/node@npm:20.8.3"
  checksum: 83511d7c310100f3fddbbf3a28f0049d60da6ffc4255231845b2e2189d7ff104727647d2b05d2a29b0af2ad61b529a4897056b3798e0cba027c629f3b13d7e82
  languageName: node
  linkType: hard

"@types/readable-stream@npm:^4.0.1":
  version: 4.0.4
  resolution: "@types/readable-stream@npm:4.0.4"
  dependencies:
    "@types/node": "npm:*"
    safe-buffer: "npm:~5.1.1"
  checksum: 00a9510ae8cb2fe8bd2f87a3539a0146920656fe85d85406256509db3199a068848d485cac3993b1848fbe80e2717859e7d3c4cc3bf82cbb99de01ff254b6fad
  languageName: node
  linkType: hard

"@types/ws@npm:^8.5.5":
  version: 8.5.8
  resolution: "@types/ws@npm:8.5.8"
  dependencies:
    "@types/node": "npm:*"
  checksum: a5b4a2b95acf1f3790add5fe1b72388628bf0e7643f29f265483b3dec506ab7d9decae74174fbaa0d43984f32c697ca8797959a1a560e8c9d54204295b1f7ff5
  languageName: node
  linkType: hard

"@types/ws@npm:^8.5.7":
  version: 8.5.7
  resolution: "@types/ws@npm:8.5.7"
  dependencies:
    "@types/node": "npm:*"
  checksum: 60c3319b79ec87fee804278d84f830b1c41fb39740cf6e64ab0ee849bdee164771cdf2bb678dc8570405369a802ed6badbb65a2382678b0d36b5221e255391b0
  languageName: node
  linkType: hard

"abort-controller@npm:^3.0.0":
  version: 3.0.0
  resolution: "abort-controller@npm:3.0.0"
  dependencies:
    event-target-shim: "npm:^5.0.0"
  checksum: 90ccc50f010250152509a344eb2e71977fbf8db0ab8f1061197e3275ddf6c61a41a6edfd7b9409c664513131dd96e962065415325ef23efa5db931b382d24ca5
  languageName: node
  linkType: hard

"balanced-match@npm:^1.0.0":
  version: 1.0.2
  resolution: "balanced-match@npm:1.0.2"
  checksum: 9308baf0a7e4838a82bbfd11e01b1cb0f0cf2893bc1676c27c2a8c0e70cbae1c59120c3268517a8ae7fb6376b4639ef81ca22582611dbee4ed28df945134aaee
  languageName: node
  linkType: hard

"base64-js@npm:^1.3.1":
  version: 1.5.1
  resolution: "base64-js@npm:1.5.1"
  checksum: f23823513b63173a001030fae4f2dabe283b99a9d324ade3ad3d148e218134676f1ee8568c877cd79ec1c53158dcf2d2ba527a97c606618928ba99dd930102bf
  languageName: node
  linkType: hard

"bl@npm:^5.0.0":
  version: 5.1.0
  resolution: "bl@npm:5.1.0"
  dependencies:
    buffer: "npm:^6.0.3"
    inherits: "npm:^2.0.4"
    readable-stream: "npm:^3.4.0"
  checksum: 528a9c3d7d6b87af98c46f10a887654d027c28c503c7f7de87440e643f0056d7a2319a967762b8ec18150c64799d2825a277147a752a0570a7407c0b705b0d01
  languageName: node
  linkType: hard

"brace-expansion@npm:^2.0.1":
  version: 2.0.1
  resolution: "brace-expansion@npm:2.0.1"
  dependencies:
    balanced-match: "npm:^1.0.0"
  checksum: b358f2fe060e2d7a87aa015979ecea07f3c37d4018f8d6deb5bd4c229ad3a0384fe6029bb76cd8be63c81e516ee52d1a0673edbe2023d53a5191732ae3c3e49f
  languageName: node
  linkType: hard

"buffer-from@npm:^1.0.0":
  version: 1.1.2
  resolution: "buffer-from@npm:1.1.2"
  checksum: 124fff9d66d691a86d3b062eff4663fe437a9d9ee4b47b1b9e97f5a5d14f6d5399345db80f796827be7c95e70a8e765dd404b7c3ff3b3324f98e9b0c8826cc34
  languageName: node
  linkType: hard

"buffer@npm:^6.0.3":
  version: 6.0.3
  resolution: "buffer@npm:6.0.3"
  dependencies:
    base64-js: "npm:^1.3.1"
    ieee754: "npm:^1.2.1"
  checksum: 2a905fbbcde73cc5d8bd18d1caa23715d5f83a5935867c2329f0ac06104204ba7947be098fe1317fbd8830e26090ff8e764f08cd14fefc977bb248c3487bcbd0
  languageName: node
  linkType: hard

"commist@npm:^3.2.0":
  version: 3.2.0
  resolution: "commist@npm:3.2.0"
  checksum: ab2d14921d30f649889adbec5dbf1712d45681bbc3f863ee5078e02465b2e8510d47a5643e137ffa0698b8199b5ce787d8be131982bcae4f294c8225d1046def
  languageName: node
  linkType: hard

"concat-stream@npm:^2.0.0":
  version: 2.0.0
  resolution: "concat-stream@npm:2.0.0"
  dependencies:
    buffer-from: "npm:^1.0.0"
    inherits: "npm:^2.0.3"
    readable-stream: "npm:^3.0.2"
    typedarray: "npm:^0.0.6"
  checksum: 29565dd9198fe1d8cf57f6cc71527dbc6ad67e12e4ac9401feb389c53042b2dceedf47034cbe702dfc4fd8df3ae7e6bfeeebe732cc4fa2674e484c13f04c219a
  languageName: node
  linkType: hard

"debug@npm:^4.1.1, debug@npm:^4.3.1, debug@npm:^4.3.4":
  version: 4.3.4
  resolution: "debug@npm:4.3.4"
  dependencies:
    ms: "npm:2.1.2"
  peerDependenciesMeta:
    supports-color:
      optional: true
  checksum: cedbec45298dd5c501d01b92b119cd3faebe5438c3917ff11ae1bff86a6c722930ac9c8659792824013168ba6db7c4668225d845c633fbdafbbf902a6389f736
  languageName: node
  linkType: hard

"dotenv@npm:^16.3.1":
  version: 16.3.1
  resolution: "dotenv@npm:16.3.1"
  checksum: b95ff1bbe624ead85a3cd70dbd827e8e06d5f05f716f2d0cbc476532d54c7c9469c3bc4dd93ea519f6ad711cb522c00ac9a62b6eb340d5affae8008facc3fbd7
  languageName: node
  linkType: hard

"duplexify@npm:^4.1.2":
  version: 4.1.2
  resolution: "duplexify@npm:4.1.2"
  dependencies:
    end-of-stream: "npm:^1.4.1"
    inherits: "npm:^2.0.3"
    readable-stream: "npm:^3.1.1"
    stream-shift: "npm:^1.0.0"
  checksum: cacd09d8f1c58f92f83e17dffc14ece50415b32753446ed92046236a27a9e73cb914cda495d955ea12e0e615381082a511f20e219f48a06e84675c9d6950675b
  languageName: node
  linkType: hard

"end-of-stream@npm:^1.4.1":
  version: 1.4.4
  resolution: "end-of-stream@npm:1.4.4"
  dependencies:
    once: "npm:^1.4.0"
  checksum: 870b423afb2d54bb8d243c63e07c170409d41e20b47eeef0727547aea5740bd6717aca45597a9f2745525667a6b804c1e7bede41f856818faee5806dd9ff3975
  languageName: node
  linkType: hard

"event-target-shim@npm:^5.0.0":
  version: 5.0.1
  resolution: "event-target-shim@npm:5.0.1"
  checksum: 0255d9f936215fd206156fd4caa9e8d35e62075d720dc7d847e89b417e5e62cf1ce6c9b4e0a1633a9256de0efefaf9f8d26924b1f3c8620cffb9db78e7d3076b
  languageName: node
  linkType: hard

"events@npm:^3.3.0":
  version: 3.3.0
  resolution: "events@npm:3.3.0"
  checksum: d6b6f2adbccbcda74ddbab52ed07db727ef52e31a61ed26db9feb7dc62af7fc8e060defa65e5f8af9449b86b52cc1a1f6a79f2eafcf4e62add2b7a1fa4a432f6
  languageName: node
  linkType: hard

"fs.realpath@npm:^1.0.0":
  version: 1.0.0
  resolution: "fs.realpath@npm:1.0.0"
  checksum: 444cf1291d997165dfd4c0d58b69f0e4782bfd9149fd72faa4fe299e68e0e93d6db941660b37dd29153bf7186672ececa3b50b7e7249477b03fdf850f287c948
  languageName: node
  linkType: hard

"glob@npm:^8.0.0":
  version: 8.1.0
  resolution: "glob@npm:8.1.0"
  dependencies:
    fs.realpath: "npm:^1.0.0"
    inflight: "npm:^1.0.4"
    inherits: "npm:2"
    minimatch: "npm:^5.0.1"
    once: "npm:^1.3.0"
  checksum: cb0b5cab17a59c57299376abe5646c7070f8acb89df5595b492dba3bfb43d301a46c01e5695f01154e6553168207cb60d4eaf07d3be4bc3eb9b0457c5c561d0f
  languageName: node
  linkType: hard

"help-me@npm:^4.2.0":
  version: 4.2.0
  resolution: "help-me@npm:4.2.0"
  dependencies:
    glob: "npm:^8.0.0"
    readable-stream: "npm:^3.6.0"
  checksum: e61ef2de21c550896f4df40f1456baf22077205f3753af481d4408fd57f191d630306175edd8c083100cb14f7986d5058ce977876eac48e71962451321455b7b
  languageName: node
  linkType: hard

"http@npm:^0.0.1-security":
  version: 0.0.1-security
  resolution: "http@npm:0.0.1-security"
  checksum: c0354c2afb6027a80756a30b1fb06607608c0408d100a5e3610d762dd1a320cb2611b0c3cf5ccb969b80f839e2735237ecc9897841e936d098161c38ee153ee5
  languageName: node
  linkType: hard

"https@npm:^1.0.0":
  version: 1.0.0
  resolution: "https@npm:1.0.0"
  checksum: e36eb4c38f09264bb273925b2d658c38bb8dda655cdff679b75dc45ccac26b1520fadcf00be677ccc4432a62f44a408b522f66cfc802ce30f4effe75decfd554
  languageName: node
  linkType: hard

"ieee754@npm:^1.2.1":
  version: 1.2.1
  resolution: "ieee754@npm:1.2.1"
  checksum: b0782ef5e0935b9f12883a2e2aa37baa75da6e66ce6515c168697b42160807d9330de9a32ec1ed73149aea02e0d822e572bca6f1e22bdcbd2149e13b050b17bb
  languageName: node
  linkType: hard

"inflight@npm:^1.0.4":
  version: 1.0.6
  resolution: "inflight@npm:1.0.6"
  dependencies:
    once: "npm:^1.3.0"
    wrappy: "npm:1"
  checksum: 7faca22584600a9dc5b9fca2cd5feb7135ac8c935449837b315676b4c90aa4f391ec4f42240178244b5a34e8bede1948627fda392ca3191522fc46b34e985ab2
  languageName: node
  linkType: hard

"inherits@npm:2, inherits@npm:^2.0.3, inherits@npm:^2.0.4":
  version: 2.0.4
  resolution: "inherits@npm:2.0.4"
  checksum: 4e531f648b29039fb7426fb94075e6545faa1eb9fe83c29f0b6d9e7263aceb4289d2d4557db0d428188eeb449cc7c5e77b0a0b2c4e248ff2a65933a0dee49ef2
  languageName: node
  linkType: hard

"jose@npm:^4.15.4":
  version: 4.15.4
  resolution: "jose@npm:4.15.4"
  checksum: ce8b29f84d6172a566b12b599dafa82f3bef0f16278bb76d562490ac1516fcc14017b05a39d20ffad25ed504f4996d4af4c9d3e0273d95b2d5559bf6d1112bc0
  languageName: node
  linkType: hard

"js-sdsl@npm:4.3.0":
  version: 4.3.0
  resolution: "js-sdsl@npm:4.3.0"
  checksum: cd3c342d08ed646d271bc59e5da12d732fee4a6fa32a30f6552d66cdf5c744b1fc5b61cddaff80702c1c6bb92add3b17ce0b6ff8a2cc7f9188df4065183aa7fb
  languageName: node
  linkType: hard

"litebyte_socket_server@workspace:.":
  version: 0.0.0-use.local
  resolution: "litebyte_socket_server@workspace:."
  dependencies:
    "@types/node": "npm:^20.8.3"
    "@types/ws": "npm:^8.5.7"
    dotenv: "npm:^16.3.1"
    http: "npm:^0.0.1-security"
    https: "npm:^1.0.0"
    jose: "npm:^4.15.4"
    mqtt: "npm:^5.1.3"
    typescript: "npm:^5.2.2"
    ws: "npm:^8.14.2"
  languageName: unknown
  linkType: soft

"lru-cache@npm:^7.18.3":
  version: 7.18.3
  resolution: "lru-cache@npm:7.18.3"
  checksum: b3a452b491433db885beed95041eb104c157ef7794b9c9b4d647be503be91769d11206bb573849a16b4cc0d03cbd15ffd22df7960997788b74c1d399ac7a4fed
  languageName: node
  linkType: hard

"minimatch@npm:^5.0.1":
  version: 5.1.6
  resolution: "minimatch@npm:5.1.6"
  dependencies:
    brace-expansion: "npm:^2.0.1"
  checksum: 3defdfd230914f22a8da203747c42ee3c405c39d4d37ffda284dac5e45b7e1f6c49aa8be606509002898e73091ff2a3bbfc59c2c6c71d4660609f63aa92f98e3
  languageName: node
  linkType: hard

"minimist@npm:^1.2.8":
  version: 1.2.8
  resolution: "minimist@npm:1.2.8"
  checksum: 19d3fcdca050087b84c2029841a093691a91259a47def2f18222f41e7645a0b7c44ef4b40e88a1e58a40c84d2ef0ee6047c55594d298146d0eb3f6b737c20ce6
  languageName: node
  linkType: hard

"mqtt-packet@npm:^8.2.1":
  version: 8.2.1
  resolution: "mqtt-packet@npm:8.2.1"
  dependencies:
    bl: "npm:^5.0.0"
    debug: "npm:^4.1.1"
    process-nextick-args: "npm:^2.0.1"
  checksum: 165ca1e10f1ccc7064062085cccdf7419e28b4c8b6f66af4f9202d6f654e74d8555b4476dcb7f815ddf54eb4f754e1328444ab85e852aca96932aa4979a36be7
  languageName: node
  linkType: hard

"mqtt@npm:^5.1.3":
  version: 5.1.3
  resolution: "mqtt@npm:5.1.3"
  dependencies:
    "@types/readable-stream": "npm:^4.0.1"
    "@types/ws": "npm:^8.5.5"
    commist: "npm:^3.2.0"
    concat-stream: "npm:^2.0.0"
    debug: "npm:^4.3.4"
    duplexify: "npm:^4.1.2"
    help-me: "npm:^4.2.0"
    lru-cache: "npm:^7.18.3"
    minimist: "npm:^1.2.8"
    mqtt-packet: "npm:^8.2.1"
    number-allocator: "npm:^1.0.14"
    readable-stream: "npm:^4.4.2"
    reinterval: "npm:^1.1.0"
    rfdc: "npm:^1.3.0"
    split2: "npm:^4.2.0"
    ws: "npm:^8.13.0"
  bin:
    mqtt: build/bin/mqtt.js
    mqtt_pub: build/bin/pub.js
    mqtt_sub: build/bin/sub.js
  checksum: 394176c52f28845bdb823c504ce76dcae77084c26a7d3e1bf29ea03d526992e721718ac395b5b4d8f9abe3b9a62086aab4c12380fab3a9e0e4efc3534b78ebfd
  languageName: node
  linkType: hard

"ms@npm:2.1.2":
  version: 2.1.2
  resolution: "ms@npm:2.1.2"
  checksum: a437714e2f90dbf881b5191d35a6db792efbca5badf112f87b9e1c712aace4b4b9b742dd6537f3edf90fd6f684de897cec230abde57e87883766712ddda297cc
  languageName: node
  linkType: hard

"number-allocator@npm:^1.0.14":
  version: 1.0.14
  resolution: "number-allocator@npm:1.0.14"
  dependencies:
    debug: "npm:^4.3.1"
    js-sdsl: "npm:4.3.0"
  checksum: 273fc81f61018fddaee4277cb08a7d994838e9d202cf90f5f329d087e605e4ac82405b397f1ea608f46ae26f47e17b7b4318ed2a8dd6541bf794c1ced47b876a
  languageName: node
  linkType: hard

"once@npm:^1.3.0, once@npm:^1.4.0":
  version: 1.4.0
  resolution: "once@npm:1.4.0"
  dependencies:
    wrappy: "npm:1"
  checksum: 5d48aca287dfefabd756621c5dfce5c91a549a93e9fdb7b8246bc4c4790aa2ec17b34a260530474635147aeb631a2dcc8b32c613df0675f96041cbb8244517d0
  languageName: node
  linkType: hard

"process-nextick-args@npm:^2.0.1":
  version: 2.0.1
  resolution: "process-nextick-args@npm:2.0.1"
  checksum: bec089239487833d46b59d80327a1605e1c5287eaad770a291add7f45fda1bb5e28b38e0e061add0a1d0ee0984788ce74fa394d345eed1c420cacf392c554367
  languageName: node
  linkType: hard

"process@npm:^0.11.10":
  version: 0.11.10
  resolution: "process@npm:0.11.10"
  checksum: 40c3ce4b7e6d4b8c3355479df77aeed46f81b279818ccdc500124e6a5ab882c0cc81ff7ea16384873a95a74c4570b01b120f287abbdd4c877931460eca6084b3
  languageName: node
  linkType: hard

"readable-stream@npm:^3.0.2, readable-stream@npm:^3.1.1, readable-stream@npm:^3.4.0, readable-stream@npm:^3.6.0":
  version: 3.6.2
  resolution: "readable-stream@npm:3.6.2"
  dependencies:
    inherits: "npm:^2.0.3"
    string_decoder: "npm:^1.1.1"
    util-deprecate: "npm:^1.0.1"
  checksum: e37be5c79c376fdd088a45fa31ea2e423e5d48854be7a22a58869b4e84d25047b193f6acb54f1012331e1bcd667ffb569c01b99d36b0bd59658fb33f513511b7
  languageName: node
  linkType: hard

"readable-stream@npm:^4.4.2":
  version: 4.4.2
  resolution: "readable-stream@npm:4.4.2"
  dependencies:
    abort-controller: "npm:^3.0.0"
    buffer: "npm:^6.0.3"
    events: "npm:^3.3.0"
    process: "npm:^0.11.10"
    string_decoder: "npm:^1.3.0"
  checksum: cf7cc8daa2b57872d120945a20a1458c13dcb6c6f352505421115827b18ac4df0e483ac1fe195cb1f5cd226e1073fc55b92b569269d8299e8530840bcdbba40c
  languageName: node
  linkType: hard

"reinterval@npm:^1.1.0":
  version: 1.1.0
  resolution: "reinterval@npm:1.1.0"
  checksum: 83ffcd92363acd57feaecfd98819eeeb618a4ebb6db092ee60aafdb592195447648227bf36891c10ccb3959c1fbd0c4fa2cd7cd74460015c664385248c4e0c72
  languageName: node
  linkType: hard

"rfdc@npm:^1.3.0":
  version: 1.3.0
  resolution: "rfdc@npm:1.3.0"
  checksum: a17fd7b81f42c7ae4cb932abd7b2f677b04cc462a03619fb46945ae1ccae17c3bc87c020ffdde1751cbfa8549860a2883486fdcabc9b9de3f3108af32b69a667
  languageName: node
  linkType: hard

"safe-buffer@npm:~5.1.1":
  version: 5.1.2
  resolution: "safe-buffer@npm:5.1.2"
  checksum: 780ba6b5d99cc9a40f7b951d47152297d0e260f0df01472a1b99d4889679a4b94a13d644f7dbc4f022572f09ae9005fa2fbb93bbbd83643316f365a3e9a45b21
  languageName: node
  linkType: hard

"safe-buffer@npm:~5.2.0":
  version: 5.2.1
  resolution: "safe-buffer@npm:5.2.1"
  checksum: 6501914237c0a86e9675d4e51d89ca3c21ffd6a31642efeba25ad65720bce6921c9e7e974e5be91a786b25aa058b5303285d3c15dbabf983a919f5f630d349f3
  languageName: node
  linkType: hard

"split2@npm:^4.2.0":
  version: 4.2.0
  resolution: "split2@npm:4.2.0"
  checksum: b292beb8ce9215f8c642bb68be6249c5a4c7f332fc8ecadae7be5cbdf1ea95addc95f0459ef2e7ad9d45fd1064698a097e4eb211c83e772b49bc0ee423e91534
  languageName: node
  linkType: hard

"stream-shift@npm:^1.0.0":
  version: 1.0.1
  resolution: "stream-shift@npm:1.0.1"
  checksum: b63a0d178cde34b920ad93e2c0c9395b840f408d36803b07c61416edac80ef9e480a51910e0ceea0d679cec90921bcd2cccab020d3a9fa6c73a98b0fbec132fd
  languageName: node
  linkType: hard

"string_decoder@npm:^1.1.1, string_decoder@npm:^1.3.0":
  version: 1.3.0
  resolution: "string_decoder@npm:1.3.0"
  dependencies:
    safe-buffer: "npm:~5.2.0"
  checksum: 810614ddb030e271cd591935dcd5956b2410dd079d64ff92a1844d6b7588bf992b3e1b69b0f4d34a3e06e0bd73046ac646b5264c1987b20d0601f81ef35d731d
  languageName: node
  linkType: hard

"typedarray@npm:^0.0.6":
  version: 0.0.6
  resolution: "typedarray@npm:0.0.6"
  checksum: 6005cb31df50eef8b1f3c780eb71a17925f3038a100d82f9406ac2ad1de5eb59f8e6decbdc145b3a1f8e5836e17b0c0002fb698b9fe2516b8f9f9ff602d36412
  languageName: node
  linkType: hard

"typescript@npm:^5.2.2":
  version: 5.2.2
  resolution: "typescript@npm:5.2.2"
  bin:
    tsc: bin/tsc
    tsserver: bin/tsserver
  checksum: 91ae3e6193d0ddb8656d4c418a033f0f75dec5e077ebbc2bd6d76439b93f35683936ee1bdc0e9cf94ec76863aa49f27159b5788219b50e1cd0cd6d110aa34b07
  languageName: node
  linkType: hard

"typescript@patch:typescript@npm%3A^5.2.2#optional!builtin<compat/typescript>":
  version: 5.2.2
  resolution: "typescript@patch:typescript@npm%3A5.2.2#optional!builtin<compat/typescript>::version=5.2.2&hash=f3b441"
  bin:
    tsc: bin/tsc
    tsserver: bin/tsserver
  checksum: 062c1cee1990e6b9419ce8a55162b8dc917eb87f807e4de0327dbc1c2fa4e5f61bc0dd4e034d38ff541d1ed0479b53bcee8e4de3a4075c51a1724eb6216cb6f5
  languageName: node
  linkType: hard

"undici-types@npm:~5.25.1":
  version: 5.25.3
  resolution: "undici-types@npm:5.25.3"
  checksum: 60a47c6db451c00d27186d86a41fbd9677fa1f6d1a5350bff342c3985bd79fc3f5a638ebf56bbce21df46c701a687db43b3fbd588e1726e58047cea14d182fef
  languageName: node
  linkType: hard

"util-deprecate@npm:^1.0.1":
  version: 1.0.2
  resolution: "util-deprecate@npm:1.0.2"
  checksum: 41a5bdd214df2f6c3ecf8622745e4a366c4adced864bc3c833739791aeeeb1838119af7daed4ba36428114b5c67dcda034a79c882e97e43c03e66a4dd7389942
  languageName: node
  linkType: hard

"wrappy@npm:1":
  version: 1.0.2
  resolution: "wrappy@npm:1.0.2"
  checksum: 56fece1a4018c6a6c8e28fbc88c87e0fbf4ea8fd64fc6c63b18f4acc4bd13e0ad2515189786dd2c30d3eec9663d70f4ecf699330002f8ccb547e4a18231fc9f0
  languageName: node
  linkType: hard

"ws@npm:^8.13.0, ws@npm:^8.14.2":
  version: 8.14.2
  resolution: "ws@npm:8.14.2"
  peerDependencies:
    bufferutil: ^4.0.1
    utf-8-validate: ">=5.0.2"
  peerDependenciesMeta:
    bufferutil:
      optional: true
    utf-8-validate:
      optional: true
  checksum: 35b4c2da048b8015c797fd14bcb5a5766216ce65c8a5965616a5440ca7b6c3681ee3cbd0ea0c184a59975556e9d58f2002abf8485a14d11d3371770811050a16
  languageName: node
  linkType: hard
